
Microsoft Visual Studio Solution File, Format Version 12.00
# Visual Studio 14
VisualStudioVersion = 14.0.25420.1
MinimumVisualStudioVersion = 10.0.40219.1
Project("{FAE04EC0-301F-11D3-BF4B-00C04F79EFBC}") = "Example.Domain", "Example.Domain\Example.Domain.csproj", "{16007DB2-246B-42C9-92C4-93C77FA863A7}"
EndProject
Project("{FAE04EC0-301F-11D3-BF4B-00C04F79EFBC}") = "Example.BLL", "Example.BLL\Example.BLL.csproj", "{A35E3D4C-6B00-4B46-BA4B-2AB812F02759}"
EndProject
Project("{FAE04EC0-301F-11D3-BF4B-00C04F79EFBC}") = "Example.BLL.Tests", "Example.BLL.Tests\Example.BLL.Tests.csproj", "{579AF424-B686-4E9D-82ED-61900FD75F63}"
EndProject
Project("{2150E333-8FDC-42A3-9474-1A3956D46DE8}") = "Server", "Server", "{3EB02AA5-84A7-4271-A93F-5584B8D5F6CA}"
EndProject
Project("{2150E333-8FDC-42A3-9474-1A3956D46DE8}") = "Tests", "Tests", "{40C4C8F7-6414-4C70-8EDA-A2F019587B30}"
EndProject
Project("{2150E333-8FDC-42A3-9474-1A3956D46DE8}") = "API", "API", "{D9030276-690F-43CC-BAFB-6CA81494D21A}"
EndProject
Project("{FAE04EC0-301F-11D3-BF4B-00C04F79EFBC}") = "Example.DAL", "Example.DAL\Example.DAL.csproj", "{FC44D297-75FC-4950-B0B7-23E07E956770}"
EndProject
Project("{FAE04EC0-301F-11D3-BF4B-00C04F79EFBC}") = "Example.Integration.Tests", "Example.Integration.Tests\Example.Integration.Tests.csproj", "{8A151B76-7613-4570-A0B1-0A5617E7F897}"
EndProject
Project("{FAE04EC0-301F-11D3-BF4B-00C04F79EFBC}") = "Example.WCF", "Example.WCF\Example.WCF.csproj", "{7E3BB42D-D001-4A9A-A671-9724BABCB735}"
EndProject
Project("{FAE04EC0-301F-11D3-BF4B-00C04F79EFBC}") = "Example.DTO", "Example.DTO\Example.DTO.csproj", "{BC89CBAC-28E8-4712-87DC-088F176D011C}"
EndProject
Project("{FAE04EC0-301F-11D3-BF4B-00C04F79EFBC}") = "Example.API", "Example.API\Example.API.csproj", "{8DF6AE93-8AC3-4BBC-A4AF-6259701200CD}"
EndProject
Global
	GlobalSection(SolutionConfigurationPlatforms) = preSolution
		Debug|Any CPU = Debug|Any CPU
		Release|Any CPU = Release|Any CPU
	EndGlobalSection
	GlobalSection(ProjectConfigurationPlatforms) = postSolution
		{16007DB2-246B-42C9-92C4-93C77FA863A7}.Debug|Any CPU.ActiveCfg = Debug|Any CPU
		{16007DB2-246B-42C9-92C4-93C77FA863A7}.Debug|Any CPU.Build.0 = Debug|Any CPU
		{16007DB2-246B-42C9-92C4-93C77FA863A7}.Release|Any CPU.ActiveCfg = Release|Any CPU
		{16007DB2-246B-42C9-92C4-93C77FA863A7}.Release|Any CPU.Build.0 = Release|Any CPU
		{A35E3D4C-6B00-4B46-BA4B-2AB812F02759}.Debug|Any CPU.ActiveCfg = Debug|Any CPU
		{A35E3D4C-6B00-4B46-BA4B-2AB812F02759}.Debug|Any CPU.Build.0 = Debug|Any CPU
		{A35E3D4C-6B00-4B46-BA4B-2AB812F02759}.Release|Any CPU.ActiveCfg = Release|Any CPU
		{A35E3D4C-6B00-4B46-BA4B-2AB812F02759}.Release|Any CPU.Build.0 = Release|Any CPU
		{579AF424-B686-4E9D-82ED-61900FD75F63}.Debug|Any CPU.ActiveCfg = Debug|Any CPU
		{579AF424-B686-4E9D-82ED-61900FD75F63}.Debug|Any CPU.Build.0 = Debug|Any CPU
		{579AF424-B686-4E9D-82ED-61900FD75F63}.Release|Any CPU.ActiveCfg = Release|Any CPU
		{579AF424-B686-4E9D-82ED-61900FD75F63}.Release|Any CPU.Build.0 = Release|Any CPU
		{FC44D297-75FC-4950-B0B7-23E07E956770}.Debug|Any CPU.ActiveCfg = Debug|Any CPU
		{FC44D297-75FC-4950-B0B7-23E07E956770}.Debug|Any CPU.Build.0 = Debug|Any CPU
		{FC44D297-75FC-4950-B0B7-23E07E956770}.Release|Any CPU.ActiveCfg = Release|Any CPU
		{FC44D297-75FC-4950-B0B7-23E07E956770}.Release|Any CPU.Build.0 = Release|Any CPU
		{8A151B76-7613-4570-A0B1-0A5617E7F897}.Debug|Any CPU.ActiveCfg = Debug|Any CPU
		{8A151B76-7613-4570-A0B1-0A5617E7F897}.Debug|Any CPU.Build.0 = Debug|Any CPU
		{8A151B76-7613-4570-A0B1-0A5617E7F897}.Release|Any CPU.ActiveCfg = Release|Any CPU
		{8A151B76-7613-4570-A0B1-0A5617E7F897}.Release|Any CPU.Build.0 = Release|Any CPU
		{7E3BB42D-D001-4A9A-A671-9724BABCB735}.Debug|Any CPU.ActiveCfg = Debug|Any CPU
		{7E3BB42D-D001-4A9A-A671-9724BABCB735}.Debug|Any CPU.Build.0 = Debug|Any CPU
		{7E3BB42D-D001-4A9A-A671-9724BABCB735}.Release|Any CPU.ActiveCfg = Release|Any CPU
		{7E3BB42D-D001-4A9A-A671-9724BABCB735}.Release|Any CPU.Build.0 = Release|Any CPU
		{BC89CBAC-28E8-4712-87DC-088F176D011C}.Debug|Any CPU.ActiveCfg = Debug|Any CPU
		{BC89CBAC-28E8-4712-87DC-088F176D011C}.Debug|Any CPU.Build.0 = Debug|Any CPU
		{BC89CBAC-28E8-4712-87DC-088F176D011C}.Release|Any CPU.ActiveCfg = Release|Any CPU
		{BC89CBAC-28E8-4712-87DC-088F176D011C}.Release|Any CPU.Build.0 = Release|Any CPU
		{8DF6AE93-8AC3-4BBC-A4AF-6259701200CD}.Debug|Any CPU.ActiveCfg = Debug|Any CPU
		{8DF6AE93-8AC3-4BBC-A4AF-6259701200CD}.Debug|Any CPU.Build.0 = Debug|Any CPU
		{8DF6AE93-8AC3-4BBC-A4AF-6259701200CD}.Release|Any CPU.ActiveCfg = Release|Any CPU
		{8DF6AE93-8AC3-4BBC-A4AF-6259701200CD}.Release|Any CPU.Build.0 = Release|Any CPU
	EndGlobalSection
	GlobalSection(SolutionProperties) = preSolution
		HideSolutionNode = FALSE
	EndGlobalSection
	GlobalSection(NestedProjects) = preSolution
		{16007DB2-246B-42C9-92C4-93C77FA863A7} = {3EB02AA5-84A7-4271-A93F-5584B8D5F6CA}
		{A35E3D4C-6B00-4B46-BA4B-2AB812F02759} = {3EB02AA5-84A7-4271-A93F-5584B8D5F6CA}
		{579AF424-B686-4E9D-82ED-61900FD75F63} = {40C4C8F7-6414-4C70-8EDA-A2F019587B30}
		{FC44D297-75FC-4950-B0B7-23E07E956770} = {3EB02AA5-84A7-4271-A93F-5584B8D5F6CA}
		{8A151B76-7613-4570-A0B1-0A5617E7F897} = {40C4C8F7-6414-4C70-8EDA-A2F019587B30}
		{7E3BB42D-D001-4A9A-A671-9724BABCB735} = {D9030276-690F-43CC-BAFB-6CA81494D21A}
		{BC89CBAC-28E8-4712-87DC-088F176D011C} = {D9030276-690F-43CC-BAFB-6CA81494D21A}
		{8DF6AE93-8AC3-4BBC-A4AF-6259701200CD} = {D9030276-690F-43CC-BAFB-6CA81494D21A}
	EndGlobalSection
EndGlobal
